
Microsoft Visual Studio Solution File, Format Version 12.00
# Visual Studio Version 16
VisualStudioVersion = 16.0.30907.101
MinimumVisualStudioVersion = 10.0.40219.1
Project("{9A19103F-16F7-4668-BE54-9A1E7A4F7556}") = "ScheepvaartCL", "ScheepvaartCL\ScheepvaartCL.csproj", "{FEE451F7-0FDC-405B-A22E-9C582481A6E1}"
EndProject
Project("{9A19103F-16F7-4668-BE54-9A1E7A4F7556}") = "ScheepvaartCS", "ScheepvaartCS\ScheepvaartCS.csproj", "{B5148A95-8C8D-4A5C-9A57-F1FDF5B66D1E}"
EndProject
Global
	GlobalSection(SolutionConfigurationPlatforms) = preSolution
		Debug|Any CPU = Debug|Any CPU
		Release|Any CPU = Release|Any CPU
	EndGlobalSection
	GlobalSection(ProjectConfigurationPlatforms) = postSolution
		{FEE451F7-0FDC-405B-A22E-9C582481A6E1}.Debug|Any CPU.ActiveCfg = Debug|Any CPU
		{FEE451F7-0FDC-405B-A22E-9C582481A6E1}.Debug|Any CPU.Build.0 = Debug|Any CPU
		{FEE451F7-0FDC-405B-A22E-9C582481A6E1}.Release|Any CPU.ActiveCfg = Release|Any CPU
		{FEE451F7-0FDC-405B-A22E-9C582481A6E1}.Release|Any CPU.Build.0 = Release|Any CPU
		{B5148A95-8C8D-4A5C-9A57-F1FDF5B66D1E}.Debug|Any CPU.ActiveCfg = Debug|Any CPU
		{B5148A95-8C8D-4A5C-9A57-F1FDF5B66D1E}.Debug|Any CPU.Build.0 = Debug|Any CPU
		{B5148A95-8C8D-4A5C-9A57-F1FDF5B66D1E}.Release|Any CPU.ActiveCfg = Release|Any CPU
		{B5148A95-8C8D-4A5C-9A57-F1FDF5B66D1E}.Release|Any CPU.Build.0 = Release|Any CPU
	EndGlobalSection
	GlobalSection(SolutionProperties) = preSolution
		HideSolutionNode = FALSE
	EndGlobalSection
	GlobalSection(ExtensibilityGlobals) = postSolution
		SolutionGuid = {0BE882D7-B6F8-4A0E-A963-095D0E7D5B74}
	EndGlobalSection
EndGlobal
